
Microsoft Visual Studio Solution File, Format Version 12.00
# Visual Studio Version 16
VisualStudioVersion = 16.0.29920.165
MinimumVisualStudioVersion = 10.0.40219.1
Project("{9A19103F-16F7-4668-BE54-9A1E7A4F7556}") = "task1", "task1\task1.csproj", "{14781B1A-DE9A-46D9-A74F-BB2F908DCC07}"
EndProject
Project("{9A19103F-16F7-4668-BE54-9A1E7A4F7556}") = "task2", "task2\task2.csproj", "{768D4030-D965-4506-B4CA-A10F4815633B}"
EndProject
Project("{2150E333-8FDC-42A3-9474-1A3956D46DE8}") = "tasks", "tasks", "{88EB36BF-967F-400D-966D-DB634BB26D38}"
EndProject
Project("{2150E333-8FDC-42A3-9474-1A3956D46DE8}") = "task1", "task1", "{77AFB6A3-00A5-4182-9020-4A471DCBF1F9}"
EndProject
Project("{9A19103F-16F7-4668-BE54-9A1E7A4F7556}") = "task3", "task3\task3.csproj", "{E6DA83CD-CF1B-4607-9AFD-C3C2FB596403}"
EndProject
Project("{2150E333-8FDC-42A3-9474-1A3956D46DE8}") = "task4", "task4", "{FBACCD6E-E151-4597-871F-7266935DF95E}"
EndProject
Project("{9A19103F-16F7-4668-BE54-9A1E7A4F7556}") = "HomeTask4.Cmd", "HomeTask4.Cmd\HomeTask4.Cmd.csproj", "{C35B268B-7271-4AD5-A9FD-5640A6C4DFB5}"
EndProject
Global
	GlobalSection(SolutionConfigurationPlatforms) = preSolution
		Debug|Any CPU = Debug|Any CPU
		Release|Any CPU = Release|Any CPU
	EndGlobalSection
	GlobalSection(ProjectConfigurationPlatforms) = postSolution
		{14781B1A-DE9A-46D9-A74F-BB2F908DCC07}.Debug|Any CPU.ActiveCfg = Debug|Any CPU
		{14781B1A-DE9A-46D9-A74F-BB2F908DCC07}.Debug|Any CPU.Build.0 = Debug|Any CPU
		{14781B1A-DE9A-46D9-A74F-BB2F908DCC07}.Release|Any CPU.ActiveCfg = Release|Any CPU
		{14781B1A-DE9A-46D9-A74F-BB2F908DCC07}.Release|Any CPU.Build.0 = Release|Any CPU
		{768D4030-D965-4506-B4CA-A10F4815633B}.Debug|Any CPU.ActiveCfg = Debug|Any CPU
		{768D4030-D965-4506-B4CA-A10F4815633B}.Debug|Any CPU.Build.0 = Debug|Any CPU
		{768D4030-D965-4506-B4CA-A10F4815633B}.Release|Any CPU.ActiveCfg = Release|Any CPU
		{768D4030-D965-4506-B4CA-A10F4815633B}.Release|Any CPU.Build.0 = Release|Any CPU
		{E6DA83CD-CF1B-4607-9AFD-C3C2FB596403}.Debug|Any CPU.ActiveCfg = Debug|Any CPU
		{E6DA83CD-CF1B-4607-9AFD-C3C2FB596403}.Debug|Any CPU.Build.0 = Debug|Any CPU
		{E6DA83CD-CF1B-4607-9AFD-C3C2FB596403}.Release|Any CPU.ActiveCfg = Release|Any CPU
		{E6DA83CD-CF1B-4607-9AFD-C3C2FB596403}.Release|Any CPU.Build.0 = Release|Any CPU
		{C35B268B-7271-4AD5-A9FD-5640A6C4DFB5}.Debug|Any CPU.ActiveCfg = Debug|Any CPU
		{C35B268B-7271-4AD5-A9FD-5640A6C4DFB5}.Debug|Any CPU.Build.0 = Debug|Any CPU
		{C35B268B-7271-4AD5-A9FD-5640A6C4DFB5}.Release|Any CPU.ActiveCfg = Release|Any CPU
		{C35B268B-7271-4AD5-A9FD-5640A6C4DFB5}.Release|Any CPU.Build.0 = Release|Any CPU
	EndGlobalSection
	GlobalSection(SolutionProperties) = preSolution
		HideSolutionNode = FALSE
	EndGlobalSection
	GlobalSection(NestedProjects) = preSolution
		{14781B1A-DE9A-46D9-A74F-BB2F908DCC07} = {77AFB6A3-00A5-4182-9020-4A471DCBF1F9}
		{768D4030-D965-4506-B4CA-A10F4815633B} = {88EB36BF-967F-400D-966D-DB634BB26D38}
		{E6DA83CD-CF1B-4607-9AFD-C3C2FB596403} = {88EB36BF-967F-400D-966D-DB634BB26D38}
		{FBACCD6E-E151-4597-871F-7266935DF95E} = {88EB36BF-967F-400D-966D-DB634BB26D38}
		{C35B268B-7271-4AD5-A9FD-5640A6C4DFB5} = {FBACCD6E-E151-4597-871F-7266935DF95E}
	EndGlobalSection
	GlobalSection(ExtensibilityGlobals) = postSolution
		SolutionGuid = {0C9DAEF0-A3B2-45E7-A904-D45CE12E843B}
	EndGlobalSection
EndGlobal
