
Microsoft Visual Studio Solution File, Format Version 12.00
# Visual Studio Version 16
VisualStudioVersion = 16.0.29920.165
MinimumVisualStudioVersion = 10.0.40219.1
Project("{9A19103F-16F7-4668-BE54-9A1E7A4F7556}") = "task1", "task1\task1.csproj", "{14781B1A-DE9A-46D9-A74F-BB2F908DCC07}"
EndProject
Project("{9A19103F-16F7-4668-BE54-9A1E7A4F7556}") = "task2", "task2\task2.csproj", "{768D4030-D965-4506-B4CA-A10F4815633B}"
EndProject
Project("{2150E333-8FDC-42A3-9474-1A3956D46DE8}") = "tasks", "tasks", "{88EB36BF-967F-400D-966D-DB634BB26D38}"
EndProject
Project("{2150E333-8FDC-42A3-9474-1A3956D46DE8}") = "task1", "task1", "{77AFB6A3-00A5-4182-9020-4A471DCBF1F9}"
EndProject
Project("{9A19103F-16F7-4668-BE54-9A1E7A4F7556}") = "task3", "task3\task3.csproj", "{E6DA83CD-CF1B-4607-9AFD-C3C2FB596403}"
EndProject
Project("{2150E333-8FDC-42A3-9474-1A3956D46DE8}") = "task4", "task4", "{4C470AED-FBDA-4998-A1B5-3F60946F2C2B}"
EndProject
Project("{9A19103F-16F7-4668-BE54-9A1E7A4F7556}") = "HomeTask4.Cmd", "HomeTask4.Cmd\HomeTask4.Cmd.csproj", "{5427E5E8-D114-4DE2-BFDB-09AA298C5BCF}"
EndProject
Project("{9A19103F-16F7-4668-BE54-9A1E7A4F7556}") = "HomeTask4.Core", "HomeTask4.Core\HomeTask4.Core.csproj", "{CBFD5780-1B98-42C1-8FA5-E84D76068134}"
EndProject
Project("{9A19103F-16F7-4668-BE54-9A1E7A4F7556}") = "HomeTask4.Infrastructure", "HomeTask4.Infrastructure\HomeTask4.Infrastructure.csproj", "{5085317A-9D93-4F56-A2C6-74AA5666A04F}"
EndProject
Project("{9A19103F-16F7-4668-BE54-9A1E7A4F7556}") = "HomeTask4.SharedKernel", "HomeTask4.SharedKernel\HomeTask4.SharedKernel.csproj", "{64995DEF-5A18-4771-B272-5B3981E41BD2}"
EndProject
Project("{2150E333-8FDC-42A3-9474-1A3956D46DE8}") = "tests", "tests", "{0C68FB8F-6B2D-4971-9EA5-3A1714C4099D}"
EndProject
Project("{2150E333-8FDC-42A3-9474-1A3956D46DE8}") = "HomeTask5.UnitTests", "HomeTask5.UnitTests", "{56599A1F-8E04-4B85-B2AE-909590AB0FF1}"
EndProject
Project("{9A19103F-16F7-4668-BE54-9A1E7A4F7556}") = "HomeTask5.Core.Tests", "HomeTask5.Core.Tests\HomeTask5.Core.Tests.csproj", "{2F1A0F51-6F27-42EB-82B1-713F7DAF8270}"
EndProject
Project("{2150E333-8FDC-42A3-9474-1A3956D46DE8}") = "task6", "task6", "{5FF9F317-65D2-4BC4-96EB-54D37CCA816E}"
EndProject
Project("{FAE04EC0-301F-11D3-BF4B-00C04F79EFBC}") = "HomeTask6.Web", "HomeTask6.Web\HomeTask6.Web.csproj", "{B183326D-D610-4605-8E7F-80688A0055BC}"
EndProject
Global
	GlobalSection(SolutionConfigurationPlatforms) = preSolution
		Debug|Any CPU = Debug|Any CPU
		Release|Any CPU = Release|Any CPU
	EndGlobalSection
	GlobalSection(ProjectConfigurationPlatforms) = postSolution
		{14781B1A-DE9A-46D9-A74F-BB2F908DCC07}.Debug|Any CPU.ActiveCfg = Debug|Any CPU
		{14781B1A-DE9A-46D9-A74F-BB2F908DCC07}.Debug|Any CPU.Build.0 = Debug|Any CPU
		{14781B1A-DE9A-46D9-A74F-BB2F908DCC07}.Release|Any CPU.ActiveCfg = Release|Any CPU
		{14781B1A-DE9A-46D9-A74F-BB2F908DCC07}.Release|Any CPU.Build.0 = Release|Any CPU
		{768D4030-D965-4506-B4CA-A10F4815633B}.Debug|Any CPU.ActiveCfg = Debug|Any CPU
		{768D4030-D965-4506-B4CA-A10F4815633B}.Debug|Any CPU.Build.0 = Debug|Any CPU
		{768D4030-D965-4506-B4CA-A10F4815633B}.Release|Any CPU.ActiveCfg = Release|Any CPU
		{768D4030-D965-4506-B4CA-A10F4815633B}.Release|Any CPU.Build.0 = Release|Any CPU
		{E6DA83CD-CF1B-4607-9AFD-C3C2FB596403}.Debug|Any CPU.ActiveCfg = Debug|Any CPU
		{E6DA83CD-CF1B-4607-9AFD-C3C2FB596403}.Debug|Any CPU.Build.0 = Debug|Any CPU
		{E6DA83CD-CF1B-4607-9AFD-C3C2FB596403}.Release|Any CPU.ActiveCfg = Release|Any CPU
		{E6DA83CD-CF1B-4607-9AFD-C3C2FB596403}.Release|Any CPU.Build.0 = Release|Any CPU
		{5427E5E8-D114-4DE2-BFDB-09AA298C5BCF}.Debug|Any CPU.ActiveCfg = Debug|Any CPU
		{5427E5E8-D114-4DE2-BFDB-09AA298C5BCF}.Debug|Any CPU.Build.0 = Debug|Any CPU
		{5427E5E8-D114-4DE2-BFDB-09AA298C5BCF}.Release|Any CPU.ActiveCfg = Release|Any CPU
		{5427E5E8-D114-4DE2-BFDB-09AA298C5BCF}.Release|Any CPU.Build.0 = Release|Any CPU
		{CBFD5780-1B98-42C1-8FA5-E84D76068134}.Debug|Any CPU.ActiveCfg = Debug|Any CPU
		{CBFD5780-1B98-42C1-8FA5-E84D76068134}.Debug|Any CPU.Build.0 = Debug|Any CPU
		{CBFD5780-1B98-42C1-8FA5-E84D76068134}.Release|Any CPU.ActiveCfg = Release|Any CPU
		{CBFD5780-1B98-42C1-8FA5-E84D76068134}.Release|Any CPU.Build.0 = Release|Any CPU
		{5085317A-9D93-4F56-A2C6-74AA5666A04F}.Debug|Any CPU.ActiveCfg = Debug|Any CPU
		{5085317A-9D93-4F56-A2C6-74AA5666A04F}.Debug|Any CPU.Build.0 = Debug|Any CPU
		{5085317A-9D93-4F56-A2C6-74AA5666A04F}.Release|Any CPU.ActiveCfg = Release|Any CPU
		{5085317A-9D93-4F56-A2C6-74AA5666A04F}.Release|Any CPU.Build.0 = Release|Any CPU
		{64995DEF-5A18-4771-B272-5B3981E41BD2}.Debug|Any CPU.ActiveCfg = Debug|Any CPU
		{64995DEF-5A18-4771-B272-5B3981E41BD2}.Debug|Any CPU.Build.0 = Debug|Any CPU
		{64995DEF-5A18-4771-B272-5B3981E41BD2}.Release|Any CPU.ActiveCfg = Release|Any CPU
		{64995DEF-5A18-4771-B272-5B3981E41BD2}.Release|Any CPU.Build.0 = Release|Any CPU
		{2F1A0F51-6F27-42EB-82B1-713F7DAF8270}.Debug|Any CPU.ActiveCfg = Debug|Any CPU
		{2F1A0F51-6F27-42EB-82B1-713F7DAF8270}.Debug|Any CPU.Build.0 = Debug|Any CPU
		{2F1A0F51-6F27-42EB-82B1-713F7DAF8270}.Release|Any CPU.ActiveCfg = Release|Any CPU
		{2F1A0F51-6F27-42EB-82B1-713F7DAF8270}.Release|Any CPU.Build.0 = Release|Any CPU
		{B183326D-D610-4605-8E7F-80688A0055BC}.Debug|Any CPU.ActiveCfg = Debug|Any CPU
		{B183326D-D610-4605-8E7F-80688A0055BC}.Debug|Any CPU.Build.0 = Debug|Any CPU
		{B183326D-D610-4605-8E7F-80688A0055BC}.Release|Any CPU.ActiveCfg = Release|Any CPU
		{B183326D-D610-4605-8E7F-80688A0055BC}.Release|Any CPU.Build.0 = Release|Any CPU
	EndGlobalSection
	GlobalSection(SolutionProperties) = preSolution
		HideSolutionNode = FALSE
	EndGlobalSection
	GlobalSection(NestedProjects) = preSolution
		{14781B1A-DE9A-46D9-A74F-BB2F908DCC07} = {77AFB6A3-00A5-4182-9020-4A471DCBF1F9}
		{768D4030-D965-4506-B4CA-A10F4815633B} = {88EB36BF-967F-400D-966D-DB634BB26D38}
		{E6DA83CD-CF1B-4607-9AFD-C3C2FB596403} = {88EB36BF-967F-400D-966D-DB634BB26D38}
		{4C470AED-FBDA-4998-A1B5-3F60946F2C2B} = {88EB36BF-967F-400D-966D-DB634BB26D38}
		{5427E5E8-D114-4DE2-BFDB-09AA298C5BCF} = {4C470AED-FBDA-4998-A1B5-3F60946F2C2B}
		{CBFD5780-1B98-42C1-8FA5-E84D76068134} = {4C470AED-FBDA-4998-A1B5-3F60946F2C2B}
		{5085317A-9D93-4F56-A2C6-74AA5666A04F} = {4C470AED-FBDA-4998-A1B5-3F60946F2C2B}
		{64995DEF-5A18-4771-B272-5B3981E41BD2} = {4C470AED-FBDA-4998-A1B5-3F60946F2C2B}
		{56599A1F-8E04-4B85-B2AE-909590AB0FF1} = {0C68FB8F-6B2D-4971-9EA5-3A1714C4099D}
		{2F1A0F51-6F27-42EB-82B1-713F7DAF8270} = {56599A1F-8E04-4B85-B2AE-909590AB0FF1}
		{5FF9F317-65D2-4BC4-96EB-54D37CCA816E} = {88EB36BF-967F-400D-966D-DB634BB26D38}
		{B183326D-D610-4605-8E7F-80688A0055BC} = {5FF9F317-65D2-4BC4-96EB-54D37CCA816E}
	EndGlobalSection
	GlobalSection(ExtensibilityGlobals) = postSolution
		SolutionGuid = {0C9DAEF0-A3B2-45E7-A904-D45CE12E843B}
	EndGlobalSection
EndGlobal
