
Microsoft Visual Studio Solution File, Format Version 12.00
# Visual Studio Version 16
VisualStudioVersion = 16.0.29920.165
MinimumVisualStudioVersion = 10.0.40219.1
Project("{9A19103F-16F7-4668-BE54-9A1E7A4F7556}") = "task1", "task1\task1.csproj", "{14781B1A-DE9A-46D9-A74F-BB2F908DCC07}"
EndProject
Project("{9A19103F-16F7-4668-BE54-9A1E7A4F7556}") = "task2", "task2\task2.csproj", "{768D4030-D965-4506-B4CA-A10F4815633B}"
EndProject
Project("{2150E333-8FDC-42A3-9474-1A3956D46DE8}") = "tasks", "tasks", "{88EB36BF-967F-400D-966D-DB634BB26D38}"
EndProject
Project("{2150E333-8FDC-42A3-9474-1A3956D46DE8}") = "task1", "task1", "{77AFB6A3-00A5-4182-9020-4A471DCBF1F9}"
EndProject
Project("{9A19103F-16F7-4668-BE54-9A1E7A4F7556}") = "task3", "task3\task3.csproj", "{E6DA83CD-CF1B-4607-9AFD-C3C2FB596403}"
EndProject
Project("{2150E333-8FDC-42A3-9474-1A3956D46DE8}") = "task4", "task4", "{51B51C7E-830D-489E-AB78-6F3BA9DFB2EA}"
EndProject
Project("{9A19103F-16F7-4668-BE54-9A1E7A4F7556}") = "HomeTask4.Cmd", "..\altexsoft-lab-2020-master\task4\HomeTask4.Cmd\HomeTask4.Cmd.csproj", "{515F893D-8F93-4399-87E0-2D40C110E56E}"
EndProject
Project("{9A19103F-16F7-4668-BE54-9A1E7A4F7556}") = "HomeTask4.Core", "..\altexsoft-lab-2020-master\task4\HomeTask4.Core\HomeTask4.Core.csproj", "{B0BC428C-C084-47EB-80BA-48F5D3E755C5}"
EndProject
Project("{9A19103F-16F7-4668-BE54-9A1E7A4F7556}") = "HomeTask4.Infrastructure", "..\altexsoft-lab-2020-master\task4\HomeTask4.Infrastructure\HomeTask4.Infrastructure.csproj", "{D43842EF-DD24-46E1-A04E-7C8445F8890C}"
EndProject
Project("{9A19103F-16F7-4668-BE54-9A1E7A4F7556}") = "HomeTask4.SharedKernel", "..\altexsoft-lab-2020-master\task4\HomeTask4.SharedKernel\HomeTask4.SharedKernel.csproj", "{87C91999-E604-4FC3-9F0C-FFB2D9A40395}"
EndProject
Global
	GlobalSection(SolutionConfigurationPlatforms) = preSolution
		Debug|Any CPU = Debug|Any CPU
		Release|Any CPU = Release|Any CPU
	EndGlobalSection
	GlobalSection(ProjectConfigurationPlatforms) = postSolution
		{14781B1A-DE9A-46D9-A74F-BB2F908DCC07}.Debug|Any CPU.ActiveCfg = Debug|Any CPU
		{14781B1A-DE9A-46D9-A74F-BB2F908DCC07}.Debug|Any CPU.Build.0 = Debug|Any CPU
		{14781B1A-DE9A-46D9-A74F-BB2F908DCC07}.Release|Any CPU.ActiveCfg = Release|Any CPU
		{14781B1A-DE9A-46D9-A74F-BB2F908DCC07}.Release|Any CPU.Build.0 = Release|Any CPU
		{768D4030-D965-4506-B4CA-A10F4815633B}.Debug|Any CPU.ActiveCfg = Debug|Any CPU
		{768D4030-D965-4506-B4CA-A10F4815633B}.Debug|Any CPU.Build.0 = Debug|Any CPU
		{768D4030-D965-4506-B4CA-A10F4815633B}.Release|Any CPU.ActiveCfg = Release|Any CPU
		{768D4030-D965-4506-B4CA-A10F4815633B}.Release|Any CPU.Build.0 = Release|Any CPU
		{E6DA83CD-CF1B-4607-9AFD-C3C2FB596403}.Debug|Any CPU.ActiveCfg = Debug|Any CPU
		{E6DA83CD-CF1B-4607-9AFD-C3C2FB596403}.Debug|Any CPU.Build.0 = Debug|Any CPU
		{E6DA83CD-CF1B-4607-9AFD-C3C2FB596403}.Release|Any CPU.ActiveCfg = Release|Any CPU
		{E6DA83CD-CF1B-4607-9AFD-C3C2FB596403}.Release|Any CPU.Build.0 = Release|Any CPU
		{515F893D-8F93-4399-87E0-2D40C110E56E}.Debug|Any CPU.ActiveCfg = Debug|Any CPU
		{515F893D-8F93-4399-87E0-2D40C110E56E}.Debug|Any CPU.Build.0 = Debug|Any CPU
		{515F893D-8F93-4399-87E0-2D40C110E56E}.Release|Any CPU.ActiveCfg = Release|Any CPU
		{515F893D-8F93-4399-87E0-2D40C110E56E}.Release|Any CPU.Build.0 = Release|Any CPU
		{B0BC428C-C084-47EB-80BA-48F5D3E755C5}.Debug|Any CPU.ActiveCfg = Debug|Any CPU
		{B0BC428C-C084-47EB-80BA-48F5D3E755C5}.Debug|Any CPU.Build.0 = Debug|Any CPU
		{B0BC428C-C084-47EB-80BA-48F5D3E755C5}.Release|Any CPU.ActiveCfg = Release|Any CPU
		{B0BC428C-C084-47EB-80BA-48F5D3E755C5}.Release|Any CPU.Build.0 = Release|Any CPU
		{D43842EF-DD24-46E1-A04E-7C8445F8890C}.Debug|Any CPU.ActiveCfg = Debug|Any CPU
		{D43842EF-DD24-46E1-A04E-7C8445F8890C}.Debug|Any CPU.Build.0 = Debug|Any CPU
		{D43842EF-DD24-46E1-A04E-7C8445F8890C}.Release|Any CPU.ActiveCfg = Release|Any CPU
		{D43842EF-DD24-46E1-A04E-7C8445F8890C}.Release|Any CPU.Build.0 = Release|Any CPU
		{87C91999-E604-4FC3-9F0C-FFB2D9A40395}.Debug|Any CPU.ActiveCfg = Debug|Any CPU
		{87C91999-E604-4FC3-9F0C-FFB2D9A40395}.Debug|Any CPU.Build.0 = Debug|Any CPU
		{87C91999-E604-4FC3-9F0C-FFB2D9A40395}.Release|Any CPU.ActiveCfg = Release|Any CPU
		{87C91999-E604-4FC3-9F0C-FFB2D9A40395}.Release|Any CPU.Build.0 = Release|Any CPU
	EndGlobalSection
	GlobalSection(SolutionProperties) = preSolution
		HideSolutionNode = FALSE
	EndGlobalSection
	GlobalSection(NestedProjects) = preSolution
		{14781B1A-DE9A-46D9-A74F-BB2F908DCC07} = {77AFB6A3-00A5-4182-9020-4A471DCBF1F9}
		{768D4030-D965-4506-B4CA-A10F4815633B} = {88EB36BF-967F-400D-966D-DB634BB26D38}
		{E6DA83CD-CF1B-4607-9AFD-C3C2FB596403} = {88EB36BF-967F-400D-966D-DB634BB26D38}
		{51B51C7E-830D-489E-AB78-6F3BA9DFB2EA} = {88EB36BF-967F-400D-966D-DB634BB26D38}
		{515F893D-8F93-4399-87E0-2D40C110E56E} = {51B51C7E-830D-489E-AB78-6F3BA9DFB2EA}
		{B0BC428C-C084-47EB-80BA-48F5D3E755C5} = {51B51C7E-830D-489E-AB78-6F3BA9DFB2EA}
		{D43842EF-DD24-46E1-A04E-7C8445F8890C} = {51B51C7E-830D-489E-AB78-6F3BA9DFB2EA}
		{87C91999-E604-4FC3-9F0C-FFB2D9A40395} = {51B51C7E-830D-489E-AB78-6F3BA9DFB2EA}
	EndGlobalSection
	GlobalSection(ExtensibilityGlobals) = postSolution
		SolutionGuid = {0C9DAEF0-A3B2-45E7-A904-D45CE12E843B}
	EndGlobalSection
EndGlobal
